
Microsoft Visual Studio Solution File, Format Version 12.00
# Visual Studio Version 17
VisualStudioVersion = 17.0.32112.339
MinimumVisualStudioVersion = 10.0.40219.1
Project("{FAE04EC0-301F-11D3-BF4B-00C04F79EFBC}") = "finalExam", "finalExam\finalExam.csproj", "{4ACFD578-FC78-45D3-A5C5-0A32AF24E364}"
EndProject
Project("{2150E333-8FDC-42A3-9474-1A3956D46DE8}") = "Solution Items", "Solution Items", "{5AB1E066-66BC-499E-82EA-D7B2D9710885}"
	ProjectSection(SolutionItems) = preProject
		.editorconfig = .editorconfig
	EndProjectSection
EndProject
Global
	GlobalSection(SolutionConfigurationPlatforms) = preSolution
		Debug|Any CPU = Debug|Any CPU
		Release|Any CPU = Release|Any CPU
	EndGlobalSection
	GlobalSection(ProjectConfigurationPlatforms) = postSolution
		{4ACFD578-FC78-45D3-A5C5-0A32AF24E364}.Debug|Any CPU.ActiveCfg = Debug|Any CPU
		{4ACFD578-FC78-45D3-A5C5-0A32AF24E364}.Debug|Any CPU.Build.0 = Debug|Any CPU
		{4ACFD578-FC78-45D3-A5C5-0A32AF24E364}.Release|Any CPU.ActiveCfg = Release|Any CPU
		{4ACFD578-FC78-45D3-A5C5-0A32AF24E364}.Release|Any CPU.Build.0 = Release|Any CPU
	EndGlobalSection
	GlobalSection(SolutionProperties) = preSolution
		HideSolutionNode = FALSE
	EndGlobalSection
	GlobalSection(ExtensibilityGlobals) = postSolution
		SolutionGuid = {11235483-1186-4279-8640-9AAD53B1B74B}
	EndGlobalSection
EndGlobal
